
Microsoft Visual Studio Solution File, Format Version 12.00
# Visual Studio Version 16
VisualStudioVersion = 16.0.31205.134
MinimumVisualStudioVersion = 10.0.40219.1
Project("{FAE04EC0-301F-11D3-BF4B-00C04F79EFBC}") = "ConsoleServer", "ConsoleServer\ConsoleServer.csproj", "{B1409397-033E-4791-A593-2A56C420876B}"
EndProject
Project("{FAE04EC0-301F-11D3-BF4B-00C04F79EFBC}") = "ConsoleClient", "ConsoleClient\ConsoleClient.csproj", "{D7EDE8D8-B040-4E2E-89AC-5C020C578DA2}"
EndProject
Global
	GlobalSection(SolutionConfigurationPlatforms) = preSolution
		Debug|Any CPU = Debug|Any CPU
		Release|Any CPU = Release|Any CPU
	EndGlobalSection
	GlobalSection(ProjectConfigurationPlatforms) = postSolution
		{B1409397-033E-4791-A593-2A56C420876B}.Debug|Any CPU.ActiveCfg = Debug|Any CPU
		{B1409397-033E-4791-A593-2A56C420876B}.Debug|Any CPU.Build.0 = Debug|Any CPU
		{B1409397-033E-4791-A593-2A56C420876B}.Release|Any CPU.ActiveCfg = Release|Any CPU
		{B1409397-033E-4791-A593-2A56C420876B}.Release|Any CPU.Build.0 = Release|Any CPU
		{D7EDE8D8-B040-4E2E-89AC-5C020C578DA2}.Debug|Any CPU.ActiveCfg = Debug|Any CPU
		{D7EDE8D8-B040-4E2E-89AC-5C020C578DA2}.Debug|Any CPU.Build.0 = Debug|Any CPU
		{D7EDE8D8-B040-4E2E-89AC-5C020C578DA2}.Release|Any CPU.ActiveCfg = Release|Any CPU
		{D7EDE8D8-B040-4E2E-89AC-5C020C578DA2}.Release|Any CPU.Build.0 = Release|Any CPU
	EndGlobalSection
	GlobalSection(SolutionProperties) = preSolution
		HideSolutionNode = FALSE
	EndGlobalSection
	GlobalSection(ExtensibilityGlobals) = postSolution
		SolutionGuid = {743CDE39-C77A-47F3-BBB3-EB4881992320}
	EndGlobalSection
EndGlobal
